
Microsoft Visual Studio Solution File, Format Version 12.00
# Visual Studio Version 16
VisualStudioVersion = 16.0.29613.14
MinimumVisualStudioVersion = 10.0.40219.1
Project("{9A19103F-16F7-4668-BE54-9A1E7A4F7556}") = "AgendaApp.API", "AgendaApp.API\AgendaApp.API.csproj", "{02A0ABFA-1B35-45A9-A273-B96A6F56BA21}"
EndProject
Project("{FAE04EC0-301F-11D3-BF4B-00C04F79EFBC}") = "AgendaApp.API.Tests", "AgendaAPP.API.Tests\AgendaApp.API.Tests.csproj", "{D13CDB41-14EF-4624-981C-1A155CBAF39A}"
EndProject
Global
	GlobalSection(SolutionConfigurationPlatforms) = preSolution
		Debug|Any CPU = Debug|Any CPU
		Release|Any CPU = Release|Any CPU
	EndGlobalSection
	GlobalSection(ProjectConfigurationPlatforms) = postSolution
		{02A0ABFA-1B35-45A9-A273-B96A6F56BA21}.Debug|Any CPU.ActiveCfg = Debug|Any CPU
		{02A0ABFA-1B35-45A9-A273-B96A6F56BA21}.Debug|Any CPU.Build.0 = Debug|Any CPU
		{02A0ABFA-1B35-45A9-A273-B96A6F56BA21}.Release|Any CPU.ActiveCfg = Release|Any CPU
		{02A0ABFA-1B35-45A9-A273-B96A6F56BA21}.Release|Any CPU.Build.0 = Release|Any CPU
		{D13CDB41-14EF-4624-981C-1A155CBAF39A}.Debug|Any CPU.ActiveCfg = Debug|Any CPU
		{D13CDB41-14EF-4624-981C-1A155CBAF39A}.Debug|Any CPU.Build.0 = Debug|Any CPU
		{D13CDB41-14EF-4624-981C-1A155CBAF39A}.Release|Any CPU.ActiveCfg = Release|Any CPU
		{D13CDB41-14EF-4624-981C-1A155CBAF39A}.Release|Any CPU.Build.0 = Release|Any CPU
	EndGlobalSection
	GlobalSection(SolutionProperties) = preSolution
		HideSolutionNode = FALSE
	EndGlobalSection
	GlobalSection(ExtensibilityGlobals) = postSolution
		SolutionGuid = {036FDFC0-D0F0-4709-9C50-DE5CDD18529C}
	EndGlobalSection
EndGlobal
